PODS:
  - Alamofire (3.1.3)
  - Crashlytics (3.4.1):
    - Fabric (~> 1.6.0)
  - Fabric (1.6.1)
  - Ji (1.2.0):
    - Ji/Ji (= 1.2.0)
  - Ji/Ji (1.2.0):
    - Ji/Ji-libxml
  - Ji/Ji-libxml (1.2.0)
  - Kingfisher (1.8.3)
  - PagingMenuController (0.7.6)
  - ReachabilitySwift (2.3)
  - ReactiveCocoa (4.0.1):
    - ReactiveCocoa/UI (= 4.0.1)
    - Result (~> 1.0.2)
  - ReactiveCocoa/Core (4.0.1):
    - ReactiveCocoa/no-arc
    - Result (~> 1.0.2)
  - ReactiveCocoa/no-arc (4.0.1):
    - Result (~> 1.0.2)
  - ReactiveCocoa/UI (4.0.1):
    - ReactiveCocoa/Core
    - Result (~> 1.0.2)
  - Realm (0.96.3):
    - Realm/Headers (= 0.96.3)
  - Realm/Headers (0.96.3)
  - RealmSwift (0.96.3):
    - Realm (= 0.96.3)
  - Result (1.0.2)
  - SnapKit (0.18.0)
  - SwiftDate (2.0.2)

DEPENDENCIES:
  - Alamofire
  - Crashlytics
  - Fabric
  - Ji
  - Kingfisher
  - PagingMenuController
  - ReachabilitySwift
  - ReactiveCocoa
  - RealmSwift
  - SnapKit
  - SwiftDate

SPEC CHECKSUMS:
  Alamofire: 9f93b56389e48def9220dd57d1f44b1927229a5a
  Crashlytics: 41574a245bc6ae10c55d57f385ebd2004e5bee05
  Fabric: bf0ceb04e7c924090efc5f8c55e4fbcca189e0a0
  Ji: ddebb22f9ac445db6e884b66f78ea74fb135fdb7
  Kingfisher: ead91e9dbeb7e5a2e8b7af3bd8a294104cbcc3f9
  PagingMenuController: d34cb992957c7dfae085785a870cf5f3966020be
  ReachabilitySwift: 2ac9df18a443901f06caae38a9f5431219a4c36a
  ReactiveCocoa: f7011630aee4deeb16352fcb1b50d6bde9db4f90
  Realm: 145d3cdf78a03aee71bde5381ad7e542bd541720
  RealmSwift: aab84968aad662f61f36473d1aea019f63481505
  Result: dd3dd71af3fa2e262f1a999e14fba2c25ec14f16
  SnapKit: e1f090a6d47b1dd4bd89b73f72b6746a7835ef3c
  SwiftDate: b4f4d0962afe48365ad2800c9850a6626deb9359

COCOAPODS: 0.39.0
