PODS:
  - Alamofire (3.1.2)
  - Crashlytics (3.4.0):
    - Fabric (~> 1.6.0)
  - Fabric (1.6.0):
    - Fabric/Base (= 1.6.0)
  - Fabric/Base (1.6.0)
  - Kingfisher (1.8.0)
  - PagingMenuController (0.7.5)
  - ReachabilitySwift (2.1)
  - SnapKit (0.17.0)

DEPENDENCIES:
  - Alamofire
  - Crashlytics
  - Fabric
  - Kingfisher
  - PagingMenuController
  - ReachabilitySwift
  - SnapKit

SPEC CHECKSUMS:
  Alamofire: 7c16ca65f3c7e681fd925fd7f2dec7747ff96855
  Crashlytics: 1ee87895c37472eb3f01f409ea1654a464d2f8d4
  Fabric: d737eda3a26ac940a5430230eedb35f16b226131
  Kingfisher: 4d40a6d8a0030b575be66593cae3aea587971a67
  PagingMenuController: ea590be94de2332a1f78fbbc45fa6f49405279ea
  ReachabilitySwift: 99bb7acceebb90b2048b4a8fd6539be96454dcb2
  SnapKit: 49fd7b1b3ff58ab4064004036b8afcfddbd3a4bd

COCOAPODS: 0.39.0
